
Microsoft Visual Studio Solution File, Format Version 12.00
# Visual Studio Version 17
VisualStudioVersion = 17.9.34723.18
MinimumVisualStudioVersion = 10.0.40219.1
Project("{FAE04EC0-301F-11D3-BF4B-00C04F79EFBC}") = "Minigame_website", "Minigame_website.csproj", "{D515BE2E-9D74-4F7D-BDA7-D43EB114C27D}"
EndProject
Global
	GlobalSection(SolutionConfigurationPlatforms) = preSolution
		Debug|Any CPU = Debug|Any CPU
		Release|Any CPU = Release|Any CPU
	EndGlobalSection
	GlobalSection(ProjectConfigurationPlatforms) = postSolution
		{D515BE2E-9D74-4F7D-BDA7-D43EB114C27D}.Debug|Any CPU.ActiveCfg = Debug|Any CPU
		{D515BE2E-9D74-4F7D-BDA7-D43EB114C27D}.Debug|Any CPU.Build.0 = Debug|Any CPU
		{D515BE2E-9D74-4F7D-BDA7-D43EB114C27D}.Release|Any CPU.ActiveCfg = Release|Any CPU
		{D515BE2E-9D74-4F7D-BDA7-D43EB114C27D}.Release|Any CPU.Build.0 = Release|Any CPU
	EndGlobalSection
	GlobalSection(SolutionProperties) = preSolution
		HideSolutionNode = FALSE
	EndGlobalSection
	GlobalSection(ExtensibilityGlobals) = postSolution
		SolutionGuid = {D7F983C1-15C2-4ED7-8370-F5D6480A97A6}
	EndGlobalSection
EndGlobal
